
Microsoft Visual Studio Solution File, Format Version 12.00
# Visual Studio Version 17
VisualStudioVersion = 17.12.35506.116
MinimumVisualStudioVersion = 10.0.40219.1
Project("{FAE04EC0-301F-11D3-BF4B-00C04F79EFBC}") = "PariahCybersecurity", "PariahCybersecurity.csproj", "{2F0FF135-5F4D-41D1-95C2-6F074C903C40}"
EndProject
Global
	GlobalSection(SolutionConfigurationPlatforms) = preSolution
		AfterBuild|Any CPU = AfterBuild|Any CPU
		Debug|Any CPU = Debug|Any CPU
		Release|Any CPU = Release|Any CPU
	EndGlobalSection
	GlobalSection(ProjectConfigurationPlatforms) = postSolution
		{2F0FF135-5F4D-41D1-95C2-6F074C903C40}.AfterBuild|Any CPU.ActiveCfg = AfterBuild|Any CPU
		{2F0FF135-5F4D-41D1-95C2-6F074C903C40}.AfterBuild|Any CPU.Build.0 = AfterBuild|Any CPU
		{2F0FF135-5F4D-41D1-95C2-6F074C903C40}.Debug|Any CPU.ActiveCfg = Debug|Any CPU
		{2F0FF135-5F4D-41D1-95C2-6F074C903C40}.Debug|Any CPU.Build.0 = Debug|Any CPU
		{2F0FF135-5F4D-41D1-95C2-6F074C903C40}.Release|Any CPU.ActiveCfg = Release|Any CPU
		{2F0FF135-5F4D-41D1-95C2-6F074C903C40}.Release|Any CPU.Build.0 = Release|Any CPU
	EndGlobalSection
	GlobalSection(SolutionProperties) = preSolution
		HideSolutionNode = FALSE
	EndGlobalSection
EndGlobal
